
Microsoft Visual Studio Solution File, Format Version 10.00
# Visual Studio 2008
Project("{FAE04EC0-301F-11D3-BF4B-00C04F79EFBC}") = "CompactWeb", "CompactWeb\CompactWeb.csproj", "{19703227-D1EE-4B0D-B914-2318DB7D2C27}"
EndProject
Global
	GlobalSection(SolutionConfigurationPlatforms) = preSolution
		Debug|Any CPU = Debug|Any CPU
		Release|Any CPU = Release|Any CPU
	EndGlobalSection
	GlobalSection(ProjectConfigurationPlatforms) = postSolution
		{19703227-D1EE-4B0D-B914-2318DB7D2C27}.Debug|Any CPU.ActiveCfg = Debug|Any CPU
		{19703227-D1EE-4B0D-B914-2318DB7D2C27}.Debug|Any CPU.Build.0 = Debug|Any CPU
		{19703227-D1EE-4B0D-B914-2318DB7D2C27}.Release|Any CPU.ActiveCfg = Release|Any CPU
		{19703227-D1EE-4B0D-B914-2318DB7D2C27}.Release|Any CPU.Build.0 = Release|Any CPU
	EndGlobalSection
	GlobalSection(SolutionProperties) = preSolution
		HideSolutionNode = FALSE
	EndGlobalSection
EndGlobal
