
Microsoft Visual Studio Solution File, Format Version 10.00
# Visual Studio 2008
Project("{FAE04EC0-301F-11D3-BF4B-00C04F79EFBC}") = "TinyWebServer", "TinyWebServer\TinyWebServer.csproj", "{247AE53E-4BAB-49E3-AF74-0DE6C941A6DE}"
EndProject
Global
	GlobalSection(SolutionConfigurationPlatforms) = preSolution
		Debug|Any CPU = Debug|Any CPU
		Release|Any CPU = Release|Any CPU
	EndGlobalSection
	GlobalSection(ProjectConfigurationPlatforms) = postSolution
		{247AE53E-4BAB-49E3-AF74-0DE6C941A6DE}.Debug|Any CPU.ActiveCfg = Debug|Any CPU
		{247AE53E-4BAB-49E3-AF74-0DE6C941A6DE}.Debug|Any CPU.Build.0 = Debug|Any CPU
		{247AE53E-4BAB-49E3-AF74-0DE6C941A6DE}.Debug|Any CPU.Deploy.0 = Debug|Any CPU
		{247AE53E-4BAB-49E3-AF74-0DE6C941A6DE}.Release|Any CPU.ActiveCfg = Release|Any CPU
		{247AE53E-4BAB-49E3-AF74-0DE6C941A6DE}.Release|Any CPU.Build.0 = Release|Any CPU
		{247AE53E-4BAB-49E3-AF74-0DE6C941A6DE}.Release|Any CPU.Deploy.0 = Release|Any CPU
	EndGlobalSection
	GlobalSection(SolutionProperties) = preSolution
		HideSolutionNode = FALSE
	EndGlobalSection
EndGlobal
